// !$*UTF8*$!
{
	archiveVersion = 1;
	classes = {
	};
	objectVersion = 48;
	objects = {

/* Begin PBXBuildFile section */
		362E384D201D77B000CDBF1B /* AppDelegate.swift in Sources */ = {isa = PBXBuildFile; fileRef = 362E384C201D77B000CDBF1B /* AppDelegate.swift */; };
		362E384F201D77B000CDBF1B /* ViewController.swift in Sources */ = {isa = PBXBuildFile; fileRef = 362E384E201D77B000CDBF1B /* ViewController.swift */; };
		362E3852201D77B000CDBF1B /* Main.storyboard in Resources */ = {isa = PBXBuildFile; fileRef = 362E3850201D77B000CDBF1B /* Main.storyboard */; };
		362E3854201D77B000CDBF1B /* Assets.xcassets in Resources */ = {isa = PBXBuildFile; fileRef = 362E3853201D77B000CDBF1B /* Assets.xcassets */; };
		362E3857201D77B000CDBF1B /* LaunchScreen.storyboard in Resources */ = {isa = PBXBuildFile; fileRef = 362E3855201D77B000CDBF1B /* LaunchScreen.storyboard */; };
		362E3862201D77B000CDBF1B /* Views_and_FramesTests.swift in Sources */ = {isa = PBXBuildFile; fileRef = 362E3861201D77B000CDBF1B /* Views_and_FramesTests.swift */; };
		362E386D201D77B000CDBF1B /* Views_and_FramesUITests.swift in Sources */ = {isa = PBXBuildFile; fileRef = 362E386C201D77B000CDBF1B /* Views_and_FramesUITests.swift */; };
/* End PBXBuildFile section */

/* Begin PBXContainerItemProxy section */
		362E385E201D77B000CDBF1B /* PBXContainerItemProxy */ = {
			isa = PBXContainerItemProxy;
			containerPortal = 362E3841201D77B000CDBF1B /* Project object */;
			proxyType = 1;
			remoteGlobalIDString = 362E3848201D77B000CDBF1B;
			remoteInfo = "Views and Frames";
		};
		362E3869201D77B000CDBF1B /* PBXContainerItemProxy */ = {
			isa = PBXContainerItemProxy;
			containerPortal = 362E3841201D77B000CDBF1B /* Project object */;
			proxyType = 1;
			remoteGlobalIDString = 362E3848201D77B000CDBF1B;
			remoteInfo = "Views and Frames";
		};
/* End PBXContainerItemProxy section */

/* Begin PBXFileReference section */
		362E3849201D77B000CDBF1B /* Views and Frames.app */ = {isa = PBXFileReference; explicitFileType = wrapper.application; includeInIndex = 0; path = "Views and Frames.app"; sourceTree = BUILT_PRODUCTS_DIR; };
		362E384C201D77B000CDBF1B /* AppDelegate.swift */ = {isa = PBXFileReference; lastKnownFileType = sourcecode.swift; path = AppDelegate.swift; sourceTree = "<group>"; };
		362E384E201D77B000CDBF1B /* ViewController.swift */ = {isa = PBXFileReference; lastKnownFileType = sourcecode.swift; path = ViewController.swift; sourceTree = "<group>"; };
		362E3851201D77B000CDBF1B /* Base */ = {isa = PBXFileReference; lastKnownFileType = file.storyboard; name = Base; path = Base.lproj/Main.storyboard; sourceTree = "<group>"; };
		362E3853201D77B000CDBF1B /* Assets.xcassets */ = {isa = PBXFileReference; lastKnownFileType = folder.assetcatalog; path = Assets.xcassets; sourceTree = "<group>"; };
		362E3856201D77B000CDBF1B /* Base */ = {isa = PBXFileReference; lastKnownFileType = file.storyboard; name = Base; path = Base.lproj/LaunchScreen.storyboard; sourceTree = "<group>"; };
		362E3858201D77B000CDBF1B /* Info.plist */ = {isa = PBXFileReference; lastKnownFileType = text.plist.xml; path = Info.plist; sourceTree = "<group>"; };
		362E385D201D77B000CDBF1B /* Views and FramesTests.xctest */ = {isa = PBXFileReference; explicitFileType = wrapper.cfbundle; includeInIndex = 0; path = "Views and FramesTests.xctest"; sourceTree = BUILT_PRODUCTS_DIR; };
		362E3861201D77B000CDBF1B /* Views_and_FramesTests.swift */ = {isa = PBXFileReference; lastKnownFileType = sourcecode.swift; path = Views_and_FramesTests.swift; sourceTree = "<group>"; };
		362E3863201D77B000CDBF1B /* Info.plist */ = {isa = PBXFileReference; lastKnownFileType = text.plist.xml; path = Info.plist; sourceTree = "<group>"; };
		362E3868201D77B000CDBF1B /* Views and FramesUITests.xctest */ = {isa = PBXFileReference; explicitFileType = wrapper.cfbundle; includeInIndex = 0; path = "Views and FramesUITests.xctest"; sourceTree = BUILT_PRODUCTS_DIR; };
		362E386C201D77B000CDBF1B /* Views_and_FramesUITests.swift */ = {isa = PBXFileReference; lastKnownFileType = sourcecode.swift; path = Views_and_FramesUITests.swift; sourceTree = "<group>"; };
		362E386E201D77B000CDBF1B /* Info.plist */ = {isa = PBXFileReference; lastKnownFileType = text.plist.xml; path = Info.plist; sourceTree = "<group>"; };
/* End PBXFileReference section */

/* Begin PBXFrameworksBuildPhase section */
		362E3846201D77B000CDBF1B /* Frameworks */ = {
			isa = PBXFrameworksBuildPhase;
			buildActionMask = 2147483647;
			files = (
			);
			runOnlyForDeploymentPostprocessing = 0;
		};
		362E385A201D77B000CDBF1B /* Frameworks */ = {
			isa = PBXFrameworksBuildPhase;
			buildActionMask = 2147483647;
			files = (
			);
			runOnlyForDeploymentPostprocessing = 0;
		};
		362E3865201D77B000CDBF1B /* Frameworks */ = {
			isa = PBXFrameworksBuildPhase;
			buildActionMask = 2147483647;
			files = (
			);
			runOnlyForDeploymentPostprocessing = 0;
		};
/* End PBXFrameworksBuildPhase section */

/* Begin PBXGroup section */
		362E3840201D77B000CDBF1B = {
			isa = PBXGroup;
			children = (
				362E384B201D77B000CDBF1B /* Views and Frames */,
				362E3860201D77B000CDBF1B /* Views and FramesTests */,
				362E386B201D77B000CDBF1B /* Views and FramesUITests */,
				362E384A201D77B000CDBF1B /* Products */,
			);
			sourceTree = "<group>";
		};
		362E384A201D77B000CDBF1B /* Products */ = {
			isa = PBXGroup;
			children = (
				362E3849201D77B000CDBF1B /* Views and Frames.app */,
				362E385D201D77B000CDBF1B /* Views and FramesTests.xctest */,
				362E3868201D77B000CDBF1B /* Views and FramesUITests.xctest */,
			);
			name = Products;
			sourceTree = "<group>";
		};
		362E384B201D77B000CDBF1B /* Views and Frames */ = {
			isa = PBXGroup;
			children = (
				362E384C201D77B000CDBF1B /* AppDelegate.swift */,
				362E384E201D77B000CDBF1B /* ViewController.swift */,
				362E3850201D77B000CDBF1B /* Main.storyboard */,
				362E3853201D77B000CDBF1B /* Assets.xcassets */,
				362E3855201D77B000CDBF1B /* LaunchScreen.storyboard */,
				362E3858201D77B000CDBF1B /* Info.plist */,
			);
			path = "Views and Frames";
			sourceTree = "<group>";
		};
		362E3860201D77B000CDBF1B /* Views and FramesTests */ = {
			isa = PBXGroup;
			children = (
				362E3861201D77B000CDBF1B /* Views_and_FramesTests.swift */,
				362E3863201D77B000CDBF1B /* Info.plist */,
			);
			path = "Views and FramesTests";
			sourceTree = "<group>";
		};
		362E386B201D77B000CDBF1B /* Views and FramesUITests */ = {
			isa = PBXGroup;
			children = (
				362E386C201D77B000CDBF1B /* Views_and_FramesUITests.swift */,
				362E386E201D77B000CDBF1B /* Info.plist */,
			);
			path = "Views and FramesUITests";
			sourceTree = "<group>";
		};
/* End PBXGroup section */

/* Begin PBXNativeTarget section */
		362E3848201D77B000CDBF1B /* Views and Frames */ = {
			isa = PBXNativeTarget;
			buildConfigurationList = 362E3871201D77B000CDBF1B /* Build configuration list for PBXNativeTarget "Views and Frames" */;
			buildPhases = (
				362E3845201D77B000CDBF1B /* Sources */,
				362E3846201D77B000CDBF1B /* Frameworks */,
				362E3847201D77B000CDBF1B /* Resources */,
			);
			buildRules = (
			);
			dependencies = (
			);
			name = "Views and Frames";
			productName = "Views and Frames";
			productReference = 362E3849201D77B000CDBF1B /* Views and Frames.app */;
			productType = "com.apple.product-type.application";
		};
		362E385C201D77B000CDBF1B /* Views and FramesTests */ = {
			isa = PBXNativeTarget;
			buildConfigurationList = 362E3874201D77B000CDBF1B /* Build configuration list for PBXNativeTarget "Views and FramesTests" */;
			buildPhases = (
				362E3859201D77B000CDBF1B /* Sources */,
				362E385A201D77B000CDBF1B /* Frameworks */,
				362E385B201D77B000CDBF1B /* Resources */,
			);
			buildRules = (
			);
			dependencies = (
				362E385F201D77B000CDBF1B /* PBXTargetDependency */,
			);
			name = "Views and FramesTests";
			productName = "Views and FramesTests";
			productReference = 362E385D201D77B000CDBF1B /* Views and FramesTests.xctest */;
			productType = "com.apple.product-type.bundle.unit-test";
		};
		362E3867201D77B000CDBF1B /* Views and FramesUITests */ = {
			isa = PBXNativeTarget;
			buildConfigurationList = 362E3877201D77B000CDBF1B /* Build configuration list for PBXNativeTarget "Views and FramesUITests" */;
			buildPhases = (
				362E3864201D77B000CDBF1B /* Sources */,
				362E3865201D77B000CDBF1B /* Frameworks */,
				362E3866201D77B000CDBF1B /* Resources */,
			);
			buildRules = (
			);
			dependencies = (
				362E386A201D77B000CDBF1B /* PBXTargetDependency */,
			);
			name = "Views and FramesUITests";
			productName = "Views and FramesUITests";
			productReference = 362E3868201D77B000CDBF1B /* Views and FramesUITests.xctest */;
			productType = "com.apple.product-type.bundle.ui-testing";
		};
/* End PBXNativeTarget section */

/* Begin PBXProject section */
		362E3841201D77B000CDBF1B /* Project object */ = {
			isa = PBXProject;
			attributes = {
				LastSwiftUpdateCheck = 0910;
				LastUpgradeCheck = 0910;
				ORGANIZATIONNAME = TranNgocHieu;
				TargetAttributes = {
					362E3848201D77B000CDBF1B = {
						CreatedOnToolsVersion = 9.1;
						ProvisioningStyle = Automatic;
					};
					362E385C201D77B000CDBF1B = {
						CreatedOnToolsVersion = 9.1;
						ProvisioningStyle = Automatic;
						TestTargetID = 362E3848201D77B000CDBF1B;
					};
					362E3867201D77B000CDBF1B = {
						CreatedOnToolsVersion = 9.1;
						ProvisioningStyle = Automatic;
						TestTargetID = 362E3848201D77B000CDBF1B;
					};
				};
			};
			buildConfigurationList = 362E3844201D77B000CDBF1B /* Build configuration list for PBXProject "Views and Frames" */;
			compatibilityVersion = "Xcode 8.0";
			developmentRegion = en;
			hasScannedForEncodings = 0;
			knownRegions = (
				en,
				Base,
			);
			mainGroup = 362E3840201D77B000CDBF1B;
			productRefGroup = 362E384A201D77B000CDBF1B /* Products */;
			projectDirPath = "";
			projectRoot = "";
			targets = (
				362E3848201D77B000CDBF1B /* Views and Frames */,
				362E385C201D77B000CDBF1B /* Views and FramesTests */,
				362E3867201D77B000CDBF1B /* Views and FramesUITests */,
			);
		};
/* End PBXProject section */

/* Begin PBXResourcesBuildPhase section */
		362E3847201D77B000CDBF1B /* Resources */ = {
			isa = PBXResourcesBuildPhase;
			buildActionMask = 2147483647;
			files = (
				362E3857201D77B000CDBF1B /* LaunchScreen.storyboard in Resources */,
				362E3854201D77B000CDBF1B /* Assets.xcassets in Resources */,
				362E3852201D77B000CDBF1B /* Main.storyboard in Resources */,
			);
			runOnlyForDeploymentPostprocessing = 0;
		};
		362E385B201D77B000CDBF1B /* Resources */ = {
			isa = PBXResourcesBuildPhase;
			buildActionMask = 2147483647;
			files = (
			);
			runOnlyForDeploymentPostprocessing = 0;
		};
		362E3866201D77B000CDBF1B /* Resources */ = {
			isa = PBXResourcesBuildPhase;
			buildActionMask = 2147483647;
			files = (
			);
			runOnlyForDeploymentPostprocessing = 0;
		};
/* End PBXResourcesBuildPhase section */

/* Begin PBXSourcesBuildPhase section */
		362E3845201D77B000CDBF1B /* Sources */ = {
			isa = PBXSourcesBuildPhase;
			buildActionMask = 2147483647;
			files = (
				362E384F201D77B000CDBF1B /* ViewController.swift in Sources */,
				362E384D201D77B000CDBF1B /* AppDelegate.swift in Sources */,
			);
			runOnlyForDeploymentPostprocessing = 0;
		};
		362E3859201D77B000CDBF1B /* Sources */ = {
			isa = PBXSourcesBuildPhase;
			buildActionMask = 2147483647;
			files = (
				362E3862201D77B000CDBF1B /* Views_and_FramesTests.swift in Sources */,
			);
			runOnlyForDeploymentPostprocessing = 0;
		};
		362E3864201D77B000CDBF1B /* Sources */ = {
			isa = PBXSourcesBuildPhase;
			buildActionMask = 2147483647;
			files = (
				362E386D201D77B000CDBF1B /* Views_and_FramesUITests.swift in Sources */,
			);
			runOnlyForDeploymentPostprocessing = 0;
		};
/* End PBXSourcesBuildPhase section */

/* Begin PBXTargetDependency section */
		362E385F201D77B000CDBF1B /* PBXTargetDependency */ = {
			isa = PBXTargetDependency;
			target = 362E3848201D77B000CDBF1B /* Views and Frames */;
			targetProxy = 362E385E201D77B000CDBF1B /* PBXContainerItemProxy */;
		};
		362E386A201D77B000CDBF1B /* PBXTargetDependency */ = {
			isa = PBXTargetDependency;
			target = 362E3848201D77B000CDBF1B /* Views and Frames */;
			targetProxy = 362E3869201D77B000CDBF1B /* PBXContainerItemProxy */;
		};
/* End PBXTargetDependency section */

/* Begin PBXVariantGroup section */
		362E3850201D77B000CDBF1B /* Main.storyboard */ = {
			isa = PBXVariantGroup;
			children = (
				362E3851201D77B000CDBF1B /* Base */,
			);
			name = Main.storyboard;
			sourceTree = "<group>";
		};
		362E3855201D77B000CDBF1B /* LaunchScreen.storyboard */ = {
			isa = PBXVariantGroup;
			children = (
				362E3856201D77B000CDBF1B /* Base */,
			);
			name = LaunchScreen.storyboard;
			sourceTree = "<group>";
		};
/* End PBXVariantGroup section */

/* Begin XCBuildConfiguration section */
		362E386F201D77B000CDBF1B /* Debug */ = {
			isa = XCBuildConfiguration;
			buildSettings = {
				ALWAYS_SEARCH_USER_PATHS = NO;
				CLANG_ANALYZER_NONNULL = YES;
				CLANG_ANALYZER_NUMBER_OBJECT_CONVERSION = YES_AGGRESSIVE;
				CLANG_CXX_LANGUAGE_STANDARD = "gnu++14";
				CLANG_CXX_LIBRARY = "libc++";
				CLANG_ENABLE_MODULES = YES;
				CLANG_ENABLE_OBJC_ARC = YES;
				CLANG_WARN_BLOCK_CAPTURE_AUTORELEASING = YES;
				CLANG_WARN_BOOL_CONVERSION = YES;
				CLANG_WARN_COMMA = YES;
				CLANG_WARN_CONSTANT_CONVERSION = YES;
				CLANG_WARN_DIRECT_OBJC_ISA_USAGE = YES_ERROR;
				CLANG_WARN_DOCUMENTATION_COMMENTS = YES;
				CLANG_WARN_EMPTY_BODY = YES;
				CLANG_WARN_ENUM_CONVERSION = YES;
				CLANG_WARN_INFINITE_RECURSION = YES;
				CLANG_WARN_INT_CONVERSION = YES;
				CLANG_WARN_NON_LITERAL_NULL_CONVERSION = YES;
				CLANG_WARN_OBJC_LITERAL_CONVERSION = YES;
				CLANG_WARN_OBJC_ROOT_CLASS = YES_ERROR;
				CLANG_WARN_RANGE_LOOP_ANALYSIS = YES;
				CLANG_WARN_STRICT_PROTOTYPES = YES;
				CLANG_WARN_SUSPICIOUS_MOVE = YES;
				CLANG_WARN_UNGUARDED_AVAILABILITY = YES_AGGRESSIVE;
				CLANG_WARN_UNREACHABLE_CODE = YES;
				CLANG_WARN__DUPLICATE_METHOD_MATCH = YES;
				CODE_SIGN_IDENTITY = "iPhone Developer";
				COPY_PHASE_STRIP = NO;
				DEBUG_INFORMATION_FORMAT = dwarf;
				ENABLE_STRICT_OBJC_MSGSEND = YES;
				ENABLE_TESTABILITY = YES;
				GCC_C_LANGUAGE_STANDARD = gnu11;
				GCC_DYNAMIC_NO_PIC = NO;
				GCC_NO_COMMON_BLOCKS = YES;
				GCC_OPTIMIZATION_LEVEL = 0;
				GCC_PREPROCESSOR_DEFINITIONS = (
					"DEBUG=1",
					"$(inherited)",
				);
				GCC_WARN_64_TO_32_BIT_CONVERSION = YES;
				GCC_WARN_ABOUT_RETURN_TYPE = YES_ERROR;
				GCC_WARN_UNDECLARED_SELECTOR = YES;
				GCC_WARN_UNINITIALIZED_AUTOS = YES_AGGRESSIVE;
				GCC_WARN_UNUSED_FUNCTION = YES;
				GCC_WARN_UNUSED_VARIABLE = YES;
				IPHONEOS_DEPLOYMENT_TARGET = 11.1;
				MTL_ENABLE_DEBUG_INFO = YES;
				ONLY_ACTIVE_ARCH = YES;
				SDKROOT = iphoneos;
				SWIFT_ACTIVE_COMPILATION_CONDITIONS = DEBUG;
				SWIFT_OPTIMIZATION_LEVEL = "-Onone";
			};
			name = Debug;
		};
		362E3870201D77B000CDBF1B /* Release */ = {
			isa = XCBuildConfiguration;
			buildSettings = {
				ALWAYS_SEARCH_USER_PATHS = NO;
				CLANG_ANALYZER_NONNULL = YES;
				CLANG_ANALYZER_NUMBER_OBJECT_CONVERSION = YES_AGGRESSIVE;
				CLANG_CXX_LANGUAGE_STANDARD = "gnu++14";
				CLANG_CXX_LIBRARY = "libc++";
				CLANG_ENABLE_MODULES = YES;
				CLANG_ENABLE_OBJC_ARC = YES;
				CLANG_WARN_BLOCK_CAPTURE_AUTORELEASING = YES;
				CLANG_WARN_BOOL_CONVERSION = YES;
				CLANG_WARN_COMMA = YES;
				CLANG_WARN_CONSTANT_CONVERSION = YES;
				CLANG_WARN_DIRECT_OBJC_ISA_USAGE = YES_ERROR;
				CLANG_WARN_DOCUMENTATION_COMMENTS = YES;
				CLANG_WARN_EMPTY_BODY = YES;
				CLANG_WARN_ENUM_CONVERSION = YES;
				CLANG_WARN_INFINITE_RECURSION = YES;
				CLANG_WARN_INT_CONVERSION = YES;
				CLANG_WARN_NON_LITERAL_NULL_CONVERSION = YES;
				CLANG_WARN_OBJC_LITERAL_CONVERSION = YES;
				CLANG_WARN_OBJC_ROOT_CLASS = YES_ERROR;
				CLANG_WARN_RANGE_LOOP_ANALYSIS = YES;
				CLANG_WARN_STRICT_PROTOTYPES = YES;
				CLANG_WARN_SUSPICIOUS_MOVE = YES;
				CLANG_WARN_UNGUARDED_AVAILABILITY = YES_AGGRESSIVE;
				CLANG_WARN_UNREACHABLE_CODE = YES;
				CLANG_WARN__DUPLICATE_METHOD_MATCH = YES;
				CODE_SIGN_IDENTITY = "iPhone Developer";
				COPY_PHASE_STRIP = NO;
				DEBUG_INFORMATION_FORMAT = "dwarf-with-dsym";
				ENABLE_NS_ASSERTIONS = NO;
				ENABLE_STRICT_OBJC_MSGSEND = YES;
				GCC_C_LANGUAGE_STANDARD = gnu11;
				GCC_NO_COMMON_BLOCKS = YES;
				GCC_WARN_64_TO_32_BIT_CONVERSION = YES;
				GCC_WARN_ABOUT_RETURN_TYPE = YES_ERROR;
				GCC_WARN_UNDECLARED_SELECTOR = YES;
				GCC_WARN_UNINITIALIZED_AUTOS = YES_AGGRESSIVE;
				GCC_WARN_UNUSED_FUNCTION = YES;
				GCC_WARN_UNUSED_VARIABLE = YES;
				IPHONEOS_DEPLOYMENT_TARGET = 11.1;
				MTL_ENABLE_DEBUG_INFO = NO;
				SDKROOT = iphoneos;
				SWIFT_OPTIMIZATION_LEVEL = "-Owholemodule";
				VALIDATE_PRODUCT = YES;
			};
			name = Release;
		};
		362E3872201D77B000CDBF1B /* Debug */ = {
			isa = XCBuildConfiguration;
			buildSettings = {
				ASSETCATALOG_COMPILER_APPICON_NAME = AppIcon;
				CODE_SIGN_STYLE = Automatic;
				INFOPLIST_FILE = "Views and Frames/Info.plist";
				LD_RUNPATH_SEARCH_PATHS = "$(inherited) @executable_path/Frameworks";
				PRODUCT_BUNDLE_IDENTIFIER = "com.Views-and-Frames";
				PRODUCT_NAME = "$(TARGET_NAME)";
				SWIFT_VERSION = 4.0;
				TARGETED_DEVICE_FAMILY = "1,2";
			};
			name = Debug;
		};
		362E3873201D77B000CDBF1B /* Release */ = {
			isa = XCBuildConfiguration;
			buildSettings = {
				ASSETCATALOG_COMPILER_APPICON_NAME = AppIcon;
				CODE_SIGN_STYLE = Automatic;
				INFOPLIST_FILE = "Views and Frames/Info.plist";
				LD_RUNPATH_SEARCH_PATHS = "$(inherited) @executable_path/Frameworks";
				PRODUCT_BUNDLE_IDENTIFIER = "com.Views-and-Frames";
				PRODUCT_NAME = "$(TARGET_NAME)";
				SWIFT_VERSION = 4.0;
				TARGETED_DEVICE_FAMILY = "1,2";
			};
			name = Release;
		};
		362E3875201D77B000CDBF1B /* Debug */ = {
			isa = XCBuildConfiguration;
			buildSettings = {
				ALWAYS_EMBED_SWIFT_STANDARD_LIBRARIES = YES;
				BUNDLE_LOADER = "$(TEST_HOST)";
				CODE_SIGN_STYLE = Automatic;
				INFOPLIST_FILE = "Views and FramesTests/Info.plist";
				LD_RUNPATH_SEARCH_PATHS = "$(inherited) @executable_path/Frameworks @loader_path/Frameworks";
				PRODUCT_BUNDLE_IDENTIFIER = "com.Views-and-FramesTests";
				PRODUCT_NAME = "$(TARGET_NAME)";
				SWIFT_VERSION = 4.0;
				TARGETED_DEVICE_FAMILY = "1,2";
				TEST_HOST = "$(BUILT_PRODUCTS_DIR)/Views and Frames.app/Views and Frames";
			};
			name = Debug;
		};
		362E3876201D77B000CDBF1B /* Release */ = {
			isa = XCBuildConfiguration;
			buildSettings = {
				ALWAYS_EMBED_SWIFT_STANDARD_LIBRARIES = YES;
				BUNDLE_LOADER = "$(TEST_HOST)";
				CODE_SIGN_STYLE = Automatic;
				INFOPLIST_FILE = "Views and FramesTests/Info.plist";
				LD_RUNPATH_SEARCH_PATHS = "$(inherited) @executable_path/Frameworks @loader_path/Frameworks";
				PRODUCT_BUNDLE_IDENTIFIER = "com.Views-and-FramesTests";
				PRODUCT_NAME = "$(TARGET_NAME)";
				SWIFT_VERSION = 4.0;
				TARGETED_DEVICE_FAMILY = "1,2";
				TEST_HOST = "$(BUILT_PRODUCTS_DIR)/Views and Frames.app/Views and Frames";
			};
			name = Release;
		};
		362E3878201D77B000CDBF1B /* Debug */ = {
			isa = XCBuildConfiguration;
			buildSettings = {
				ALWAYS_EMBED_SWIFT_STANDARD_LIBRARIES = YES;
				CODE_SIGN_STYLE = Automatic;
				INFOPLIST_FILE = "Views and FramesUITests/Info.plist";
				LD_RUNPATH_SEARCH_PATHS = "$(inherited) @executable_path/Frameworks @loader_path/Frameworks";
				PRODUCT_BUNDLE_IDENTIFIER = "com.Views-and-FramesUITests";
				PRODUCT_NAME = "$(TARGET_NAME)";
				SWIFT_VERSION = 4.0;
				TARGETED_DEVICE_FAMILY = "1,2";
				TEST_TARGET_NAME = "Views and Frames";
			};
			name = Debug;
		};
		362E3879201D77B000CDBF1B /* Release */ = {
			isa = XCBuildConfiguration;
			buildSettings = {
				ALWAYS_EMBED_SWIFT_STANDARD_LIBRARIES = YES;
				CODE_SIGN_STYLE = Automatic;
				INFOPLIST_FILE = "Views and FramesUITests/Info.plist";
				LD_RUNPATH_SEARCH_PATHS = "$(inherited) @executable_path/Frameworks @loader_path/Frameworks";
				PRODUCT_BUNDLE_IDENTIFIER = "com.Views-and-FramesUITests";
				PRODUCT_NAME = "$(TARGET_NAME)";
				SWIFT_VERSION = 4.0;
				TARGETED_DEVICE_FAMILY = "1,2";
				TEST_TARGET_NAME = "Views and Frames";
			};
			name = Release;
		};
/* End XCBuildConfiguration section */

/* Begin XCConfigurationList section */
		362E3844201D77B000CDBF1B /* Build configuration list for PBXProject "Views and Frames" */ = {
			isa = XCConfigurationList;
			buildConfigurations = (
				362E386F201D77B000CDBF1B /* Debug */,
				362E3870201D77B000CDBF1B /* Release */,
			);
			defaultConfigurationIsVisible = 0;
			defaultConfigurationName = Release;
		};
		362E3871201D77B000CDBF1B /* Build configuration list for PBXNativeTarget "Views and Frames" */ = {
			isa = XCConfigurationList;
			buildConfigurations = (
				362E3872201D77B000CDBF1B /* Debug */,
				362E3873201D77B000CDBF1B /* Release */,
			);
			defaultConfigurationIsVisible = 0;
			defaultConfigurationName = Release;
		};
		362E3874201D77B000CDBF1B /* Build configuration list for PBXNativeTarget "Views and FramesTests" */ = {
			isa = XCConfigurationList;
			buildConfigurations = (
				362E3875201D77B000CDBF1B /* Debug */,
				362E3876201D77B000CDBF1B /* Release */,
			);
			defaultConfigurationIsVisible = 0;
			defaultConfigurationName = Release;
		};
		362E3877201D77B000CDBF1B /* Build configuration list for PBXNativeTarget "Views and FramesUITests" */ = {
			isa = XCConfigurationList;
			buildConfigurations = (
				362E3878201D77B000CDBF1B /* Debug */,
				362E3879201D77B000CDBF1B /* Release */,
			);
			defaultConfigurationIsVisible = 0;
			defaultConfigurationName = Release;
		};
/* End XCConfigurationList section */
	};
	rootObject = 362E3841201D77B000CDBF1B /* Project object */;
}
