// !$*UTF8*$!
{
	archiveVersion = 1;
	classes = {
	};
	objectVersion = 48;
	objects = {

/* Begin PBXBuildFile section */
		0E631525205CE5B6000F987E /* buttonEdit.swift in Sources */ = {isa = PBXBuildFile; fileRef = 0E631524205CE5B6000F987E /* buttonEdit.swift */; };
		0EA4D4D62055328700527EAF /* AppDelegate.swift in Sources */ = {isa = PBXBuildFile; fileRef = 0EA4D4D52055328700527EAF /* AppDelegate.swift */; };
		0EA4D4D82055328700527EAF /* ViewController.swift in Sources */ = {isa = PBXBuildFile; fileRef = 0EA4D4D72055328700527EAF /* ViewController.swift */; };
		0EA4D4DB2055328700527EAF /* Main.storyboard in Resources */ = {isa = PBXBuildFile; fileRef = 0EA4D4D92055328700527EAF /* Main.storyboard */; };
		0EA4D4DD2055328700527EAF /* Assets.xcassets in Resources */ = {isa = PBXBuildFile; fileRef = 0EA4D4DC2055328700527EAF /* Assets.xcassets */; };
		0EA4D4E02055328700527EAF /* LaunchScreen.storyboard in Resources */ = {isa = PBXBuildFile; fileRef = 0EA4D4DE2055328700527EAF /* LaunchScreen.storyboard */; };
		0EA4D4EB2055328700527EAF /* duoiHinhTests.swift in Sources */ = {isa = PBXBuildFile; fileRef = 0EA4D4EA2055328700527EAF /* duoiHinhTests.swift */; };
		0EA4D4F62055328700527EAF /* duoiHinhUITests.swift in Sources */ = {isa = PBXBuildFile; fileRef = 0EA4D4F52055328700527EAF /* duoiHinhUITests.swift */; };
		0EFF1403205D1E2B00DCEAEC /* button.swift in Sources */ = {isa = PBXBuildFile; fileRef = 0EFF1402205D1E2B00DCEAEC /* button.swift */; };
/* End PBXBuildFile section */

/* Begin PBXContainerItemProxy section */
		0EA4D4E72055328700527EAF /* PBXContainerItemProxy */ = {
			isa = PBXContainerItemProxy;
			containerPortal = 0EA4D4CA2055328700527EAF /* Project object */;
			proxyType = 1;
			remoteGlobalIDString = 0EA4D4D12055328700527EAF;
			remoteInfo = duoiHinh;
		};
		0EA4D4F22055328700527EAF /* PBXContainerItemProxy */ = {
			isa = PBXContainerItemProxy;
			containerPortal = 0EA4D4CA2055328700527EAF /* Project object */;
			proxyType = 1;
			remoteGlobalIDString = 0EA4D4D12055328700527EAF;
			remoteInfo = duoiHinh;
		};
/* End PBXContainerItemProxy section */

/* Begin PBXFileReference section */
		0E631524205CE5B6000F987E /* buttonEdit.swift */ = {isa = PBXFileReference; lastKnownFileType = sourcecode.swift; path = buttonEdit.swift; sourceTree = "<group>"; };
		0EA4D4D22055328700527EAF /* duoiHinh.app */ = {isa = PBXFileReference; explicitFileType = wrapper.application; includeInIndex = 0; path = duoiHinh.app; sourceTree = BUILT_PRODUCTS_DIR; };
		0EA4D4D52055328700527EAF /* AppDelegate.swift */ = {isa = PBXFileReference; lastKnownFileType = sourcecode.swift; path = AppDelegate.swift; sourceTree = "<group>"; };
		0EA4D4D72055328700527EAF /* ViewController.swift */ = {isa = PBXFileReference; lastKnownFileType = sourcecode.swift; path = ViewController.swift; sourceTree = "<group>"; };
		0EA4D4DA2055328700527EAF /* Base */ = {isa = PBXFileReference; lastKnownFileType = file.storyboard; name = Base; path = Base.lproj/Main.storyboard; sourceTree = "<group>"; };
		0EA4D4DC2055328700527EAF /* Assets.xcassets */ = {isa = PBXFileReference; lastKnownFileType = folder.assetcatalog; path = Assets.xcassets; sourceTree = "<group>"; };
		0EA4D4DF2055328700527EAF /* Base */ = {isa = PBXFileReference; lastKnownFileType = file.storyboard; name = Base; path = Base.lproj/LaunchScreen.storyboard; sourceTree = "<group>"; };
		0EA4D4E12055328700527EAF /* Info.plist */ = {isa = PBXFileReference; lastKnownFileType = text.plist.xml; path = Info.plist; sourceTree = "<group>"; };
		0EA4D4E62055328700527EAF /* duoiHinhTests.xctest */ = {isa = PBXFileReference; explicitFileType = wrapper.cfbundle; includeInIndex = 0; path = duoiHinhTests.xctest; sourceTree = BUILT_PRODUCTS_DIR; };
		0EA4D4EA2055328700527EAF /* duoiHinhTests.swift */ = {isa = PBXFileReference; lastKnownFileType = sourcecode.swift; path = duoiHinhTests.swift; sourceTree = "<group>"; };
		0EA4D4EC2055328700527EAF /* Info.plist */ = {isa = PBXFileReference; lastKnownFileType = text.plist.xml; path = Info.plist; sourceTree = "<group>"; };
		0EA4D4F12055328700527EAF /* duoiHinhUITests.xctest */ = {isa = PBXFileReference; explicitFileType = wrapper.cfbundle; includeInIndex = 0; path = duoiHinhUITests.xctest; sourceTree = BUILT_PRODUCTS_DIR; };
		0EA4D4F52055328700527EAF /* duoiHinhUITests.swift */ = {isa = PBXFileReference; lastKnownFileType = sourcecode.swift; path = duoiHinhUITests.swift; sourceTree = "<group>"; };
		0EA4D4F72055328700527EAF /* Info.plist */ = {isa = PBXFileReference; lastKnownFileType = text.plist.xml; path = Info.plist; sourceTree = "<group>"; };
		0EFF1402205D1E2B00DCEAEC /* button.swift */ = {isa = PBXFileReference; lastKnownFileType = sourcecode.swift; path = button.swift; sourceTree = "<group>"; };
/* End PBXFileReference section */

/* Begin PBXFrameworksBuildPhase section */
		0EA4D4CF2055328700527EAF /* Frameworks */ = {
			isa = PBXFrameworksBuildPhase;
			buildActionMask = 2147483647;
			files = (
			);
			runOnlyForDeploymentPostprocessing = 0;
		};
		0EA4D4E32055328700527EAF /* Frameworks */ = {
			isa = PBXFrameworksBuildPhase;
			buildActionMask = 2147483647;
			files = (
			);
			runOnlyForDeploymentPostprocessing = 0;
		};
		0EA4D4EE2055328700527EAF /* Frameworks */ = {
			isa = PBXFrameworksBuildPhase;
			buildActionMask = 2147483647;
			files = (
			);
			runOnlyForDeploymentPostprocessing = 0;
		};
/* End PBXFrameworksBuildPhase section */

/* Begin PBXGroup section */
		0EA4D4C92055328700527EAF = {
			isa = PBXGroup;
			children = (
				0EA4D4D42055328700527EAF /* duoiHinh */,
				0EA4D4E92055328700527EAF /* duoiHinhTests */,
				0EA4D4F42055328700527EAF /* duoiHinhUITests */,
				0EA4D4D32055328700527EAF /* Products */,
			);
			sourceTree = "<group>";
		};
		0EA4D4D32055328700527EAF /* Products */ = {
			isa = PBXGroup;
			children = (
				0EA4D4D22055328700527EAF /* duoiHinh.app */,
				0EA4D4E62055328700527EAF /* duoiHinhTests.xctest */,
				0EA4D4F12055328700527EAF /* duoiHinhUITests.xctest */,
			);
			name = Products;
			sourceTree = "<group>";
		};
		0EA4D4D42055328700527EAF /* duoiHinh */ = {
			isa = PBXGroup;
			children = (
				0EA4D4D52055328700527EAF /* AppDelegate.swift */,
				0EA4D4D72055328700527EAF /* ViewController.swift */,
				0EA4D4D92055328700527EAF /* Main.storyboard */,
				0EA4D4DC2055328700527EAF /* Assets.xcassets */,
				0EA4D4DE2055328700527EAF /* LaunchScreen.storyboard */,
				0EA4D4E12055328700527EAF /* Info.plist */,
				0E631524205CE5B6000F987E /* buttonEdit.swift */,
				0EFF1402205D1E2B00DCEAEC /* button.swift */,
			);
			path = duoiHinh;
			sourceTree = "<group>";
		};
		0EA4D4E92055328700527EAF /* duoiHinhTests */ = {
			isa = PBXGroup;
			children = (
				0EA4D4EA2055328700527EAF /* duoiHinhTests.swift */,
				0EA4D4EC2055328700527EAF /* Info.plist */,
			);
			path = duoiHinhTests;
			sourceTree = "<group>";
		};
		0EA4D4F42055328700527EAF /* duoiHinhUITests */ = {
			isa = PBXGroup;
			children = (
				0EA4D4F52055328700527EAF /* duoiHinhUITests.swift */,
				0EA4D4F72055328700527EAF /* Info.plist */,
			);
			path = duoiHinhUITests;
			sourceTree = "<group>";
		};
/* End PBXGroup section */

/* Begin PBXNativeTarget section */
		0EA4D4D12055328700527EAF /* duoiHinh */ = {
			isa = PBXNativeTarget;
			buildConfigurationList = 0EA4D4FA2055328700527EAF /* Build configuration list for PBXNativeTarget "duoiHinh" */;
			buildPhases = (
				0EA4D4CE2055328700527EAF /* Sources */,
				0EA4D4CF2055328700527EAF /* Frameworks */,
				0EA4D4D02055328700527EAF /* Resources */,
			);
			buildRules = (
			);
			dependencies = (
			);
			name = duoiHinh;
			productName = duoiHinh;
			productReference = 0EA4D4D22055328700527EAF /* duoiHinh.app */;
			productType = "com.apple.product-type.application";
		};
		0EA4D4E52055328700527EAF /* duoiHinhTests */ = {
			isa = PBXNativeTarget;
			buildConfigurationList = 0EA4D4FD2055328700527EAF /* Build configuration list for PBXNativeTarget "duoiHinhTests" */;
			buildPhases = (
				0EA4D4E22055328700527EAF /* Sources */,
				0EA4D4E32055328700527EAF /* Frameworks */,
				0EA4D4E42055328700527EAF /* Resources */,
			);
			buildRules = (
			);
			dependencies = (
				0EA4D4E82055328700527EAF /* PBXTargetDependency */,
			);
			name = duoiHinhTests;
			productName = duoiHinhTests;
			productReference = 0EA4D4E62055328700527EAF /* duoiHinhTests.xctest */;
			productType = "com.apple.product-type.bundle.unit-test";
		};
		0EA4D4F02055328700527EAF /* duoiHinhUITests */ = {
			isa = PBXNativeTarget;
			buildConfigurationList = 0EA4D5002055328700527EAF /* Build configuration list for PBXNativeTarget "duoiHinhUITests" */;
			buildPhases = (
				0EA4D4ED2055328700527EAF /* Sources */,
				0EA4D4EE2055328700527EAF /* Frameworks */,
				0EA4D4EF2055328700527EAF /* Resources */,
			);
			buildRules = (
			);
			dependencies = (
				0EA4D4F32055328700527EAF /* PBXTargetDependency */,
			);
			name = duoiHinhUITests;
			productName = duoiHinhUITests;
			productReference = 0EA4D4F12055328700527EAF /* duoiHinhUITests.xctest */;
			productType = "com.apple.product-type.bundle.ui-testing";
		};
/* End PBXNativeTarget section */

/* Begin PBXProject section */
		0EA4D4CA2055328700527EAF /* Project object */ = {
			isa = PBXProject;
			attributes = {
				LastSwiftUpdateCheck = 0920;
				LastUpgradeCheck = 0920;
				ORGANIZATIONNAME = google;
				TargetAttributes = {
					0EA4D4D12055328700527EAF = {
						CreatedOnToolsVersion = 9.2;
						ProvisioningStyle = Automatic;
					};
					0EA4D4E52055328700527EAF = {
						CreatedOnToolsVersion = 9.2;
						ProvisioningStyle = Automatic;
						TestTargetID = 0EA4D4D12055328700527EAF;
					};
					0EA4D4F02055328700527EAF = {
						CreatedOnToolsVersion = 9.2;
						ProvisioningStyle = Automatic;
						TestTargetID = 0EA4D4D12055328700527EAF;
					};
				};
			};
			buildConfigurationList = 0EA4D4CD2055328700527EAF /* Build configuration list for PBXProject "duoiHinh" */;
			compatibilityVersion = "Xcode 8.0";
			developmentRegion = en;
			hasScannedForEncodings = 0;
			knownRegions = (
				en,
				Base,
			);
			mainGroup = 0EA4D4C92055328700527EAF;
			productRefGroup = 0EA4D4D32055328700527EAF /* Products */;
			projectDirPath = "";
			projectRoot = "";
			targets = (
				0EA4D4D12055328700527EAF /* duoiHinh */,
				0EA4D4E52055328700527EAF /* duoiHinhTests */,
				0EA4D4F02055328700527EAF /* duoiHinhUITests */,
			);
		};
/* End PBXProject section */

/* Begin PBXResourcesBuildPhase section */
		0EA4D4D02055328700527EAF /* Resources */ = {
			isa = PBXResourcesBuildPhase;
			buildActionMask = 2147483647;
			files = (
				0EA4D4E02055328700527EAF /* LaunchScreen.storyboard in Resources */,
				0EA4D4DD2055328700527EAF /* Assets.xcassets in Resources */,
				0EA4D4DB2055328700527EAF /* Main.storyboard in Resources */,
			);
			runOnlyForDeploymentPostprocessing = 0;
		};
		0EA4D4E42055328700527EAF /* Resources */ = {
			isa = PBXResourcesBuildPhase;
			buildActionMask = 2147483647;
			files = (
			);
			runOnlyForDeploymentPostprocessing = 0;
		};
		0EA4D4EF2055328700527EAF /* Resources */ = {
			isa = PBXResourcesBuildPhase;
			buildActionMask = 2147483647;
			files = (
			);
			runOnlyForDeploymentPostprocessing = 0;
		};
/* End PBXResourcesBuildPhase section */

/* Begin PBXSourcesBuildPhase section */
		0EA4D4CE2055328700527EAF /* Sources */ = {
			isa = PBXSourcesBuildPhase;
			buildActionMask = 2147483647;
			files = (
				0E631525205CE5B6000F987E /* buttonEdit.swift in Sources */,
				0EA4D4D82055328700527EAF /* ViewController.swift in Sources */,
				0EA4D4D62055328700527EAF /* AppDelegate.swift in Sources */,
				0EFF1403205D1E2B00DCEAEC /* button.swift in Sources */,
			);
			runOnlyForDeploymentPostprocessing = 0;
		};
		0EA4D4E22055328700527EAF /* Sources */ = {
			isa = PBXSourcesBuildPhase;
			buildActionMask = 2147483647;
			files = (
				0EA4D4EB2055328700527EAF /* duoiHinhTests.swift in Sources */,
			);
			runOnlyForDeploymentPostprocessing = 0;
		};
		0EA4D4ED2055328700527EAF /* Sources */ = {
			isa = PBXSourcesBuildPhase;
			buildActionMask = 2147483647;
			files = (
				0EA4D4F62055328700527EAF /* duoiHinhUITests.swift in Sources */,
			);
			runOnlyForDeploymentPostprocessing = 0;
		};
/* End PBXSourcesBuildPhase section */

/* Begin PBXTargetDependency section */
		0EA4D4E82055328700527EAF /* PBXTargetDependency */ = {
			isa = PBXTargetDependency;
			target = 0EA4D4D12055328700527EAF /* duoiHinh */;
			targetProxy = 0EA4D4E72055328700527EAF /* PBXContainerItemProxy */;
		};
		0EA4D4F32055328700527EAF /* PBXTargetDependency */ = {
			isa = PBXTargetDependency;
			target = 0EA4D4D12055328700527EAF /* duoiHinh */;
			targetProxy = 0EA4D4F22055328700527EAF /* PBXContainerItemProxy */;
		};
/* End PBXTargetDependency section */

/* Begin PBXVariantGroup section */
		0EA4D4D92055328700527EAF /* Main.storyboard */ = {
			isa = PBXVariantGroup;
			children = (
				0EA4D4DA2055328700527EAF /* Base */,
			);
			name = Main.storyboard;
			sourceTree = "<group>";
		};
		0EA4D4DE2055328700527EAF /* LaunchScreen.storyboard */ = {
			isa = PBXVariantGroup;
			children = (
				0EA4D4DF2055328700527EAF /* Base */,
			);
			name = LaunchScreen.storyboard;
			sourceTree = "<group>";
		};
/* End PBXVariantGroup section */

/* Begin XCBuildConfiguration section */
		0EA4D4F82055328700527EAF /* Debug */ = {
			isa = XCBuildConfiguration;
			buildSettings = {
				ALWAYS_SEARCH_USER_PATHS = NO;
				CLANG_ANALYZER_NONNULL = YES;
				CLANG_ANALYZER_NUMBER_OBJECT_CONVERSION = YES_AGGRESSIVE;
				CLANG_CXX_LANGUAGE_STANDARD = "gnu++14";
				CLANG_CXX_LIBRARY = "libc++";
				CLANG_ENABLE_MODULES = YES;
				CLANG_ENABLE_OBJC_ARC = YES;
				CLANG_WARN_BLOCK_CAPTURE_AUTORELEASING = YES;
				CLANG_WARN_BOOL_CONVERSION = YES;
				CLANG_WARN_COMMA = YES;
				CLANG_WARN_CONSTANT_CONVERSION = YES;
				CLANG_WARN_DIRECT_OBJC_ISA_USAGE = YES_ERROR;
				CLANG_WARN_DOCUMENTATION_COMMENTS = YES;
				CLANG_WARN_EMPTY_BODY = YES;
				CLANG_WARN_ENUM_CONVERSION = YES;
				CLANG_WARN_INFINITE_RECURSION = YES;
				CLANG_WARN_INT_CONVERSION = YES;
				CLANG_WARN_NON_LITERAL_NULL_CONVERSION = YES;
				CLANG_WARN_OBJC_LITERAL_CONVERSION = YES;
				CLANG_WARN_OBJC_ROOT_CLASS = YES_ERROR;
				CLANG_WARN_RANGE_LOOP_ANALYSIS = YES;
				CLANG_WARN_STRICT_PROTOTYPES = YES;
				CLANG_WARN_SUSPICIOUS_MOVE = YES;
				CLANG_WARN_UNGUARDED_AVAILABILITY = YES_AGGRESSIVE;
				CLANG_WARN_UNREACHABLE_CODE = YES;
				CLANG_WARN__DUPLICATE_METHOD_MATCH = YES;
				CODE_SIGN_IDENTITY = "iPhone Developer";
				COPY_PHASE_STRIP = NO;
				DEBUG_INFORMATION_FORMAT = dwarf;
				ENABLE_STRICT_OBJC_MSGSEND = YES;
				ENABLE_TESTABILITY = YES;
				GCC_C_LANGUAGE_STANDARD = gnu11;
				GCC_DYNAMIC_NO_PIC = NO;
				GCC_NO_COMMON_BLOCKS = YES;
				GCC_OPTIMIZATION_LEVEL = 0;
				GCC_PREPROCESSOR_DEFINITIONS = (
					"DEBUG=1",
					"$(inherited)",
				);
				GCC_WARN_64_TO_32_BIT_CONVERSION = YES;
				GCC_WARN_ABOUT_RETURN_TYPE = YES_ERROR;
				GCC_WARN_UNDECLARED_SELECTOR = YES;
				GCC_WARN_UNINITIALIZED_AUTOS = YES_AGGRESSIVE;
				GCC_WARN_UNUSED_FUNCTION = YES;
				GCC_WARN_UNUSED_VARIABLE = YES;
				IPHONEOS_DEPLOYMENT_TARGET = 11.2;
				MTL_ENABLE_DEBUG_INFO = YES;
				ONLY_ACTIVE_ARCH = YES;
				SDKROOT = iphoneos;
				SWIFT_ACTIVE_COMPILATION_CONDITIONS = DEBUG;
				SWIFT_OPTIMIZATION_LEVEL = "-Onone";
			};
			name = Debug;
		};
		0EA4D4F92055328700527EAF /* Release */ = {
			isa = XCBuildConfiguration;
			buildSettings = {
				ALWAYS_SEARCH_USER_PATHS = NO;
				CLANG_ANALYZER_NONNULL = YES;
				CLANG_ANALYZER_NUMBER_OBJECT_CONVERSION = YES_AGGRESSIVE;
				CLANG_CXX_LANGUAGE_STANDARD = "gnu++14";
				CLANG_CXX_LIBRARY = "libc++";
				CLANG_ENABLE_MODULES = YES;
				CLANG_ENABLE_OBJC_ARC = YES;
				CLANG_WARN_BLOCK_CAPTURE_AUTORELEASING = YES;
				CLANG_WARN_BOOL_CONVERSION = YES;
				CLANG_WARN_COMMA = YES;
				CLANG_WARN_CONSTANT_CONVERSION = YES;
				CLANG_WARN_DIRECT_OBJC_ISA_USAGE = YES_ERROR;
				CLANG_WARN_DOCUMENTATION_COMMENTS = YES;
				CLANG_WARN_EMPTY_BODY = YES;
				CLANG_WARN_ENUM_CONVERSION = YES;
				CLANG_WARN_INFINITE_RECURSION = YES;
				CLANG_WARN_INT_CONVERSION = YES;
				CLANG_WARN_NON_LITERAL_NULL_CONVERSION = YES;
				CLANG_WARN_OBJC_LITERAL_CONVERSION = YES;
				CLANG_WARN_OBJC_ROOT_CLASS = YES_ERROR;
				CLANG_WARN_RANGE_LOOP_ANALYSIS = YES;
				CLANG_WARN_STRICT_PROTOTYPES = YES;
				CLANG_WARN_SUSPICIOUS_MOVE = YES;
				CLANG_WARN_UNGUARDED_AVAILABILITY = YES_AGGRESSIVE;
				CLANG_WARN_UNREACHABLE_CODE = YES;
				CLANG_WARN__DUPLICATE_METHOD_MATCH = YES;
				CODE_SIGN_IDENTITY = "iPhone Developer";
				COPY_PHASE_STRIP = NO;
				DEBUG_INFORMATION_FORMAT = "dwarf-with-dsym";
				ENABLE_NS_ASSERTIONS = NO;
				ENABLE_STRICT_OBJC_MSGSEND = YES;
				GCC_C_LANGUAGE_STANDARD = gnu11;
				GCC_NO_COMMON_BLOCKS = YES;
				GCC_WARN_64_TO_32_BIT_CONVERSION = YES;
				GCC_WARN_ABOUT_RETURN_TYPE = YES_ERROR;
				GCC_WARN_UNDECLARED_SELECTOR = YES;
				GCC_WARN_UNINITIALIZED_AUTOS = YES_AGGRESSIVE;
				GCC_WARN_UNUSED_FUNCTION = YES;
				GCC_WARN_UNUSED_VARIABLE = YES;
				IPHONEOS_DEPLOYMENT_TARGET = 11.2;
				MTL_ENABLE_DEBUG_INFO = NO;
				SDKROOT = iphoneos;
				SWIFT_OPTIMIZATION_LEVEL = "-Owholemodule";
				VALIDATE_PRODUCT = YES;
			};
			name = Release;
		};
		0EA4D4FB2055328700527EAF /* Debug */ = {
			isa = XCBuildConfiguration;
			buildSettings = {
				ASSETCATALOG_COMPILER_APPICON_NAME = AppIcon;
				CODE_SIGN_STYLE = Automatic;
				DEVELOPMENT_TEAM = LY2D5XG57X;
				INFOPLIST_FILE = duoiHinh/Info.plist;
				IPHONEOS_DEPLOYMENT_TARGET = 9.0;
				LD_RUNPATH_SEARCH_PATHS = "$(inherited) @executable_path/Frameworks";
				PRODUCT_BUNDLE_IDENTIFIER = google.duoiHinh;
				PRODUCT_NAME = "$(TARGET_NAME)";
				SWIFT_VERSION = 4.0;
				TARGETED_DEVICE_FAMILY = "1,2";
			};
			name = Debug;
		};
		0EA4D4FC2055328700527EAF /* Release */ = {
			isa = XCBuildConfiguration;
			buildSettings = {
				ASSETCATALOG_COMPILER_APPICON_NAME = AppIcon;
				CODE_SIGN_STYLE = Automatic;
				DEVELOPMENT_TEAM = LY2D5XG57X;
				INFOPLIST_FILE = duoiHinh/Info.plist;
				IPHONEOS_DEPLOYMENT_TARGET = 9.0;
				LD_RUNPATH_SEARCH_PATHS = "$(inherited) @executable_path/Frameworks";
				PRODUCT_BUNDLE_IDENTIFIER = google.duoiHinh;
				PRODUCT_NAME = "$(TARGET_NAME)";
				SWIFT_VERSION = 4.0;
				TARGETED_DEVICE_FAMILY = "1,2";
			};
			name = Release;
		};
		0EA4D4FE2055328700527EAF /* Debug */ = {
			isa = XCBuildConfiguration;
			buildSettings = {
				ALWAYS_EMBED_SWIFT_STANDARD_LIBRARIES = YES;
				BUNDLE_LOADER = "$(TEST_HOST)";
				CODE_SIGN_STYLE = Automatic;
				DEVELOPMENT_TEAM = LY2D5XG57X;
				INFOPLIST_FILE = duoiHinhTests/Info.plist;
				LD_RUNPATH_SEARCH_PATHS = "$(inherited) @executable_path/Frameworks @loader_path/Frameworks";
				PRODUCT_BUNDLE_IDENTIFIER = google.duoiHinhTests;
				PRODUCT_NAME = "$(TARGET_NAME)";
				SWIFT_VERSION = 4.0;
				TARGETED_DEVICE_FAMILY = "1,2";
				TEST_HOST = "$(BUILT_PRODUCTS_DIR)/duoiHinh.app/duoiHinh";
			};
			name = Debug;
		};
		0EA4D4FF2055328700527EAF /* Release */ = {
			isa = XCBuildConfiguration;
			buildSettings = {
				ALWAYS_EMBED_SWIFT_STANDARD_LIBRARIES = YES;
				BUNDLE_LOADER = "$(TEST_HOST)";
				CODE_SIGN_STYLE = Automatic;
				DEVELOPMENT_TEAM = LY2D5XG57X;
				INFOPLIST_FILE = duoiHinhTests/Info.plist;
				LD_RUNPATH_SEARCH_PATHS = "$(inherited) @executable_path/Frameworks @loader_path/Frameworks";
				PRODUCT_BUNDLE_IDENTIFIER = google.duoiHinhTests;
				PRODUCT_NAME = "$(TARGET_NAME)";
				SWIFT_VERSION = 4.0;
				TARGETED_DEVICE_FAMILY = "1,2";
				TEST_HOST = "$(BUILT_PRODUCTS_DIR)/duoiHinh.app/duoiHinh";
			};
			name = Release;
		};
		0EA4D5012055328700527EAF /* Debug */ = {
			isa = XCBuildConfiguration;
			buildSettings = {
				ALWAYS_EMBED_SWIFT_STANDARD_LIBRARIES = YES;
				CODE_SIGN_STYLE = Automatic;
				DEVELOPMENT_TEAM = LY2D5XG57X;
				INFOPLIST_FILE = duoiHinhUITests/Info.plist;
				LD_RUNPATH_SEARCH_PATHS = "$(inherited) @executable_path/Frameworks @loader_path/Frameworks";
				PRODUCT_BUNDLE_IDENTIFIER = google.duoiHinhUITests;
				PRODUCT_NAME = "$(TARGET_NAME)";
				SWIFT_VERSION = 4.0;
				TARGETED_DEVICE_FAMILY = "1,2";
				TEST_TARGET_NAME = duoiHinh;
			};
			name = Debug;
		};
		0EA4D5022055328700527EAF /* Release */ = {
			isa = XCBuildConfiguration;
			buildSettings = {
				ALWAYS_EMBED_SWIFT_STANDARD_LIBRARIES = YES;
				CODE_SIGN_STYLE = Automatic;
				DEVELOPMENT_TEAM = LY2D5XG57X;
				INFOPLIST_FILE = duoiHinhUITests/Info.plist;
				LD_RUNPATH_SEARCH_PATHS = "$(inherited) @executable_path/Frameworks @loader_path/Frameworks";
				PRODUCT_BUNDLE_IDENTIFIER = google.duoiHinhUITests;
				PRODUCT_NAME = "$(TARGET_NAME)";
				SWIFT_VERSION = 4.0;
				TARGETED_DEVICE_FAMILY = "1,2";
				TEST_TARGET_NAME = duoiHinh;
			};
			name = Release;
		};
/* End XCBuildConfiguration section */

/* Begin XCConfigurationList section */
		0EA4D4CD2055328700527EAF /* Build configuration list for PBXProject "duoiHinh" */ = {
			isa = XCConfigurationList;
			buildConfigurations = (
				0EA4D4F82055328700527EAF /* Debug */,
				0EA4D4F92055328700527EAF /* Release */,
			);
			defaultConfigurationIsVisible = 0;
			defaultConfigurationName = Release;
		};
		0EA4D4FA2055328700527EAF /* Build configuration list for PBXNativeTarget "duoiHinh" */ = {
			isa = XCConfigurationList;
			buildConfigurations = (
				0EA4D4FB2055328700527EAF /* Debug */,
				0EA4D4FC2055328700527EAF /* Release */,
			);
			defaultConfigurationIsVisible = 0;
			defaultConfigurationName = Release;
		};
		0EA4D4FD2055328700527EAF /* Build configuration list for PBXNativeTarget "duoiHinhTests" */ = {
			isa = XCConfigurationList;
			buildConfigurations = (
				0EA4D4FE2055328700527EAF /* Debug */,
				0EA4D4FF2055328700527EAF /* Release */,
			);
			defaultConfigurationIsVisible = 0;
			defaultConfigurationName = Release;
		};
		0EA4D5002055328700527EAF /* Build configuration list for PBXNativeTarget "duoiHinhUITests" */ = {
			isa = XCConfigurationList;
			buildConfigurations = (
				0EA4D5012055328700527EAF /* Debug */,
				0EA4D5022055328700527EAF /* Release */,
			);
			defaultConfigurationIsVisible = 0;
			defaultConfigurationName = Release;
		};
/* End XCConfigurationList section */
	};
	rootObject = 0EA4D4CA2055328700527EAF /* Project object */;
}
